
Microsoft Visual Studio Solution File, Format Version 12.00
# Visual Studio 15
VisualStudioVersion = 15.0.27130.2010
MinimumVisualStudioVersion = 10.0.40219.1
Project("{8BC9CEB8-8B4A-11D0-8D11-00A0C91BC942}") = "CG_Practicas", "CG_Practicas\CG_Practicas.vcxproj", "{53D4DA8D-2300-4F6B-988D-0D27952E839A}"
EndProject
Global
	GlobalSection(SolutionConfigurationPlatforms) = preSolution
		Debug|x64 = Debug|x64
		Debug|x86 = Debug|x86
		Release|x64 = Release|x64
		Release|x86 = Release|x86
	EndGlobalSection
	GlobalSection(ProjectConfigurationPlatforms) = postSolution
		{53D4DA8D-2300-4F6B-988D-0D27952E839A}.Debug|x64.ActiveCfg = Debug|x64
		{53D4DA8D-2300-4F6B-988D-0D27952E839A}.Debug|x64.Build.0 = Debug|x64
		{53D4DA8D-2300-4F6B-988D-0D27952E839A}.Debug|x86.ActiveCfg = Debug|Win32
		{53D4DA8D-2300-4F6B-988D-0D27952E839A}.Debug|x86.Build.0 = Debug|Win32
		{53D4DA8D-2300-4F6B-988D-0D27952E839A}.Release|x64.ActiveCfg = Release|x64
		{53D4DA8D-2300-4F6B-988D-0D27952E839A}.Release|x64.Build.0 = Release|x64
		{53D4DA8D-2300-4F6B-988D-0D27952E839A}.Release|x86.ActiveCfg = Release|Win32
		{53D4DA8D-2300-4F6B-988D-0D27952E839A}.Release|x86.Build.0 = Release|Win32
	EndGlobalSection
	GlobalSection(SolutionProperties) = preSolution
		HideSolutionNode = FALSE
	EndGlobalSection
	GlobalSection(ExtensibilityGlobals) = postSolution
		SolutionGuid = {BD1F9809-22EA-49DE-865A-52337D68BCBA}
	EndGlobalSection
EndGlobal
